{
  "name": "@event-planner/client",
  "lockfileVersion": 3,
  "requires": true,
  "packages": {
    "": {
      "name": "@event-planner/client",
      "dependencies": {
        "@tanstack/react-query": "^5.100.5",
        "axios": "^1.15.2",
        "chart.js": "^4.5.1",
        "i18next": "^26.0.5",
        "i18next-browser-languagedetector": "^8.2.1",
        "lucide-react": "^1.17.0",
        "react": "^19.0.0",
        "react-chartjs-2": "^5.3.1",
        "react-dom": "^19.0.0",
        "react-i18next": "^17.0.4",
        "react-router-dom": "^7.14.2",
        "zustand": "^5.0.12"
      },
      "devDependencies": {
        "@tailwindcss/vite": "^4.0.0",
        "@types/react": "^19.0.8",
        "@types/react-dom": "^19.0.3",
        "@vitejs/plugin-react": "^4.3.4",
        "tailwindcss": "^4.0.0",
        "typescript": "~5.7.3",
        "vite": "^6.0.11"
      }
    },
    "../../node_modules/.pnpm/@tailwindcss+vite@4.2.2_vit_c7efa978757974d127db72eadcebfdfa/node_modules/@tailwindcss/vite": {
      "version": "4.2.2",
      "dev": true,
      "license": "MIT",
      "dependencies": {
        "@tailwindcss/node": "4.2.2",
        "@tailwindcss/oxide": "4.2.2",
        "tailwindcss": "4.2.2"
      },
      "devDependencies": {
        "@types/node": "^20.19.0",
        "vite": "^8.0.0"
      },
      "peerDependencies": {
        "vite": "^5.2.0 || ^6 || ^7 || ^8"
      }
    },
    "../../node_modules/.pnpm/@tanstack+react-query@5.100.5_react@19.2.5/node_modules/@tanstack/react-query": {
      "version": "5.100.5",
      "license": "MIT",
      "dependencies": {
        "@tanstack/query-core": "5.100.5"
      },
      "devDependencies": {
        "@tanstack/query-persist-client-core": "5.100.5",
        "@tanstack/query-test-utils": "0.0.0",
        "@testing-library/react": "^16.1.0",
        "@testing-library/react-render-stream": "^2.0.2",
        "@types/react": "^19.2.7",
        "@types/react-dom": "^19.2.3",
        "@vitejs/plugin-react": "^4.3.4",
        "cpy-cli": "^5.0.0",
        "npm-run-all2": "^5.0.0",
        "react": "^19.2.1",
        "react-dom": "^19.2.1",
        "react-error-boundary": "^4.1.2"
      },
      "funding": {
        "type": "github",
        "url": "https://github.com/sponsors/tannerlinsley"
      },
      "peerDependencies": {
        "react": "^18 || ^19"
      }
    },
    "../../node_modules/.pnpm/@types+react-dom@19.2.3_@types+react@19.2.14/node_modules/@types/react-dom": {
      "version": "19.2.3",
      "dev": true,
      "license": "MIT",
      "peerDependencies": {
        "@types/react": "^19.2.0"
      }
    },
    "../../node_modules/.pnpm/@types+react@19.2.14/node_modules/@types/react": {
      "version": "19.2.14",
      "dev": true,
      "license": "MIT",
      "dependencies": {
        "csstype": "^3.2.2"
      }
    },
    "../../node_modules/.pnpm/@vitejs+plugin-react@4.7.0__642d1b54b9ef8eb35aa3ecfbb4934033/node_modules/@vitejs/plugin-react": {
      "version": "4.7.0",
      "dev": true,
      "license": "MIT",
      "dependencies": {
        "@babel/core": "^7.28.0",
        "@babel/plugin-transform-react-jsx-self": "^7.27.1",
        "@babel/plugin-transform-react-jsx-source": "^7.27.1",
        "@rolldown/pluginutils": "1.0.0-beta.27",
        "@types/babel__core": "^7.20.5",
        "react-refresh": "^0.17.0"
      },
      "devDependencies": {
        "@vitejs/react-common": "workspace:*",
        "babel-plugin-react-compiler": "19.1.0-rc.2",
        "react": "^19.1.0",
        "react-dom": "^19.1.0",
        "rolldown": "1.0.0-beta.27",
        "tsdown": "^0.12.9",
        "vitest": "^3.2.4"
      },
      "engines": {
        "node": "^14.18.0 || >=16.0.0"
      },
      "peerDependencies": {
        "vite": "^4.2.0 || ^5.0.0 || ^6.0.0 || ^7.0.0"
      }
    },
    "../../node_modules/.pnpm/axios@1.15.2/node_modules/axios": {
      "version": "1.15.2",
      "license": "MIT",
      "dependencies": {
        "follow-redirects": "^1.15.11",
        "form-data": "^4.0.5",
        "proxy-from-env": "^2.1.0"
      },
      "devDependencies": {
        "@babel/core": "^7.29.0",
        "@babel/preset-env": "^7.29.0",
        "@commitlint/cli": "^20.4.4",
        "@commitlint/config-conventional": "^20.4.4",
        "@eslint/js": "^10.0.1",
        "@rollup/plugin-alias": "^6.0.0",
        "@rollup/plugin-babel": "^7.0.0",
        "@rollup/plugin-commonjs": "^29.0.2",
        "@rollup/plugin-json": "^6.1.0",
        "@rollup/plugin-node-resolve": "^16.0.3",
        "@rollup/plugin-terser": "^1.0.0",
        "@vitest/browser": "^4.1.1",
        "@vitest/browser-playwright": "^4.1.1",
        "abortcontroller-polyfill": "^1.7.8",
        "auto-changelog": "^2.5.0",
        "body-parser": "^2.2.2",
        "chalk": "^5.6.2",
        "cross-env": "^10.1.0",
        "dev-null": "^0.1.1",
        "eslint": "^10.1.0",
        "express": "^5.2.1",
        "formdata-node": "^6.0.3",
        "formidable": "^3.2.4",
        "fs-extra": "^11.3.4",
        "get-stream": "^9.0.1",
        "globals": "^17.4.0",
        "gulp": "^5.0.1",
        "handlebars": "^4.7.8",
        "husky": "^9.1.7",
        "lint-staged": "^16.4.0",
        "memoizee": "^0.4.17",
        "minimist": "^1.2.8",
        "multer": "^2.1.1",
        "pacote": "^21.5.0",
        "playwright": "^1.58.2",
        "prettier": "^3.8.1",
        "pretty-bytes": "^7.1.0",
        "rollup": "^4.60.0",
        "rollup-plugin-bundle-size": "^1.0.3",
        "selfsigned": "^5.5.0",
        "stream-throttle": "^0.1.3",
        "string-replace-async": "^3.0.2",
        "tar-stream": "^3.1.8",
        "typescript": "^5.9.3",
        "vitest": "^4.1.1"
      }
    },
    "../../node_modules/.pnpm/chart.js@4.5.1/node_modules/chart.js": {
      "version": "4.5.1",
      "license": "MIT",
      "dependencies": {
        "@kurkle/color": "^0.3.0"
      },
      "devDependencies": {
        "@rollup/plugin-commonjs": "^23.0.2",
        "@rollup/plugin-inject": "^5.0.2",
        "@rollup/plugin-json": "^5.0.1",
        "@rollup/plugin-node-resolve": "^15.0.1",
        "@swc/core": "^1.3.18",
        "@types/estree": "^1.0.0",
        "@types/offscreencanvas": "^2019.7.0",
        "@typescript-eslint/eslint-plugin": "^5.32.0",
        "@typescript-eslint/parser": "^5.32.0",
        "chartjs-adapter-luxon": "^1.2.0",
        "chartjs-adapter-moment": "^1.0.0",
        "chartjs-test-utils": "^0.4.0",
        "concurrently": "^7.3.0",
        "coveralls": "^3.1.1",
        "cross-env": "^7.0.3",
        "eslint": "^8.21.0",
        "eslint-config-chartjs": "^0.3.0",
        "eslint-plugin-es": "^4.1.0",
        "eslint-plugin-html": "^7.1.0",
        "eslint-plugin-markdown": "^3.0.0",
        "esm": "^3.2.25",
        "glob": "^8.0.3",
        "jasmine": "^3.7.0",
        "jasmine-core": "^3.7.1",
        "karma": "^6.3.2",
        "karma-chrome-launcher": "^3.1.0",
        "karma-coverage": "^2.0.3",
        "karma-edge-launcher": "^0.4.2",
        "karma-firefox-launcher": "^2.1.0",
        "karma-jasmine": "^4.0.1",
        "karma-jasmine-html-reporter": "^1.5.4",
        "karma-rollup-preprocessor": "7.0.7",
        "karma-safari-private-launcher": "^1.0.0",
        "karma-spec-reporter": "0.0.32",
        "luxon": "^3.0.1",
        "moment": "^2.29.4",
        "moment-timezone": "^0.5.34",
        "pixelmatch": "^5.3.0",
        "rollup": "^3.3.0",
        "rollup-plugin-cleanup": "^3.2.1",
        "rollup-plugin-istanbul": "^4.0.0",
        "rollup-plugin-swc3": "^0.7.0",
        "rollup-plugin-terser": "^7.0.2",
        "typescript": "^4.7.4",
        "yargs": "^17.5.1"
      },
      "engines": {
        "pnpm": ">=8"
      }
    },
    "../../node_modules/.pnpm/i18next-browser-languagedetector@8.2.1/node_modules/i18next-browser-languagedetector": {
      "version": "8.2.1",
      "license": "MIT",
      "dependencies": {
        "@babel/runtime": "^7.23.2"
      },
      "devDependencies": {
        "@babel/core": "^7.23.3",
        "@babel/eslint-parser": "^7.23.3",
        "@babel/plugin-transform-runtime": "^7.23.3",
        "@babel/preset-env": "^7.23.3",
        "@rollup/plugin-babel": "^5.3.1",
        "@rollup/plugin-node-resolve": "^14.1.0",
        "babel-polyfill": "^6.26.0",
        "babelify": "^10.0.0",
        "browserify": "17.0.0",
        "browserify-istanbul": "3.0.1",
        "chai": "4.3.10",
        "coveralls": "3.1.1",
        "cpy-cli": "^5.0.0",
        "dtslint": "^4.2.1",
        "eslint": "8.53.0",
        "eslint-config-airbnb": "19.0.4",
        "expect.js": "0.3.1",
        "i18next": "23.7.1",
        "mkdirp": "3.0.1",
        "mocha": "10.8.2",
        "rimraf": "5.0.5",
        "rollup": "^2.79.1",
        "rollup-plugin-terser": "^7.0.2",
        "tsd": "0.29.0",
        "tslint": "^5.20.1",
        "typescript": "5.1.3",
        "yargs": "17.7.2"
      }
    },
    "../../node_modules/.pnpm/i18next@26.0.5_typescript@5.7.3/node_modules/i18next": {
      "version": "26.0.5",
      "funding": [
        {
          "type": "individual",
          "url": "https://www.locize.com/i18next"
        },
        {
          "type": "individual",
          "url": "https://www.i18next.com/how-to/faq#i18next-is-awesome.-how-can-i-support-the-project"
        },
        {
          "type": "individual",
          "url": "https://www.locize.com"
        }
      ],
      "license": "MIT",
      "dependencies": {
        "@babel/runtime": "^7.29.2"
      },
      "devDependencies": {
        "@arktype/attest": "^0.56.0",
        "@babel/core": "^7.29.0",
        "@babel/plugin-transform-async-generator-functions": "^7.29.0",
        "@babel/plugin-transform-modules-commonjs": "^7.28.6",
        "@babel/plugin-transform-runtime": "^7.29.0",
        "@babel/preset-env": "^7.29.2",
        "@babel/preset-react": "^7.28.5",
        "@babel/register": "^7.28.6",
        "@rollup/plugin-babel": "^7.0.0",
        "@rollup/plugin-commonjs": "^29.0.2",
        "@rollup/plugin-node-resolve": "^16.0.3",
        "@rollup/plugin-terser": "^1.0.0",
        "@types/node": "^25.5.0",
        "@typescript-eslint/eslint-plugin": "^8.57.2",
        "@typescript-eslint/parser": "^8.57.2",
        "@vitest/coverage-v8": "4.1.2",
        "babelify": "^10.0.0",
        "coveralls": "^3.1.1",
        "cpy-cli": "^7.0.0",
        "eslint": "9.39.4",
        "gh-release": "^7.0.2",
        "husky": "^9.1.7",
        "i18next-browser-languagedetector": "^8.2.1",
        "i18next-fs-backend": "^2.6.1",
        "i18next-http-backend": "^3.0.2",
        "i18next-localstorage-cache": "^1.1.1",
        "i18next-sprintf-postprocessor": "^0.2.2",
        "lint-staged": "^16.4.0",
        "neostandard": "^0.13.0",
        "prettier": "^3.8.1",
        "rimraf": "^6.1.3",
        "rollup": "^4.59.1",
        "sinon": "^19.0.5",
        "typescript": "^5.9.3",
        "typescript-eslint": "^8.57.2",
        "vitest": "4.1.2"
      },
      "peerDependencies": {
        "typescript": "^5 || ^6"
      },
      "peerDependenciesMeta": {
        "typescript": {
          "optional": true
        }
      }
    },
    "../../node_modules/.pnpm/react-chartjs-2@5.3.1_chart.js@4.5.1_react@19.2.5/node_modules/react-chartjs-2": {
      "version": "5.3.1",
      "license": "MIT",
      "peerDependencies": {
        "chart.js": "^4.1.1",
        "react": "^16.8.0 || ^17.0.0 || ^18.0.0 || ^19.0.0"
      }
    },
    "../../node_modules/.pnpm/react-dom@19.2.5_react@19.2.5/node_modules/react-dom": {
      "version": "19.2.5",
      "license": "MIT",
      "dependencies": {
        "scheduler": "^0.27.0"
      },
      "peerDependencies": {
        "react": "^19.2.5"
      }
    },
    "../../node_modules/.pnpm/react-i18next@17.0.4_i18nex_09eff2de1a9e9a58e65ee8148ef21572/node_modules/react-i18next": {
      "version": "17.0.4",
      "license": "MIT",
      "dependencies": {
        "@babel/runtime": "^7.29.2",
        "html-parse-stringify": "^3.0.1",
        "use-sync-external-store": "^1.6.0"
      },
      "devDependencies": {
        "@babel/cli": "^7.28.6",
        "@babel/core": "^7.29.0",
        "@babel/eslint-parser": "^7.28.6",
        "@babel/plugin-proposal-async-generator-functions": "^7.20.7",
        "@babel/plugin-proposal-object-rest-spread": "^7.20.7",
        "@babel/plugin-transform-modules-commonjs": "^7.28.6",
        "@babel/plugin-transform-runtime": "^7.29.0",
        "@babel/polyfill": "^7.12.1",
        "@babel/preset-env": "^7.29.2",
        "@babel/preset-react": "^7.28.5",
        "@babel/register": "^7.28.6",
        "@rollup/plugin-babel": "^7.0.0",
        "@rollup/plugin-commonjs": "^29.0.2",
        "@rollup/plugin-node-resolve": "^16.0.3",
        "@rollup/plugin-replace": "^6.0.3",
        "@rollup/plugin-terser": "1.0.0",
        "@testing-library/dom": "^10.4.1",
        "@testing-library/jest-dom": "^6.9.1",
        "@testing-library/react": "^16.3.2",
        "@types/jest": "^30.0.0",
        "@types/react": "^19.2.14",
        "@vitest/coverage-v8": "^4.1.2",
        "all-contributors-cli": "^6.26.1",
        "babel-core": "^7.0.0-bridge.0",
        "babel-plugin-macros": "^3.1.0",
        "babel-plugin-tester": "^11.0.4",
        "coveralls": "^3.1.1",
        "cpy-cli": "^7.0.0",
        "cross-env": "^10.1.0",
        "eslint": "^8.57.0",
        "eslint-config-airbnb": "19.0.4",
        "eslint-config-prettier": "^9.1.0",
        "eslint-plugin-import": "^2.32.0",
        "eslint-plugin-jest-dom": "^5.5.0",
        "eslint-plugin-jsx-a11y": "^6.10.2",
        "eslint-plugin-react": "^7.37.5",
        "eslint-plugin-testing-library": "^6.5.0",
        "happy-dom": "^20.8.9",
        "husky": "^9.1.7",
        "i18next": "^26.0.3",
        "lint-staged": "^16.4.0",
        "mkdirp": "^3.0.1",
        "prettier": "^3.8.1",
        "react": "^19.2.4",
        "react-dom": "^19.2.4",
        "react-test-renderer": "^19.2.4",
        "rimraf": "^6.1.3",
        "rollup": "^4.60.0",
        "typescript": "~6.0.2",
        "vitest": "^4.1.2",
        "yargs": "^18.0.0"
      },
      "peerDependencies": {
        "i18next": ">= 26.0.1",
        "react": ">= 16.8.0",
        "typescript": "^5 || ^6"
      },
      "peerDependenciesMeta": {
        "react-dom": {
          "optional": true
        },
        "react-native": {
          "optional": true
        },
        "typescript": {
          "optional": true
        }
      }
    },
    "../../node_modules/.pnpm/react-router-dom@7.14.2_rea_3a39fd11aef0f6e32580592015a3c0d0/node_modules/react-router-dom": {
      "version": "7.14.2",
      "license": "MIT",
      "dependencies": {
        "react-router": "7.14.2"
      },
      "devDependencies": {
        "react": "^19.2.3",
        "react-dom": "^19.2.3",
        "tsup": "^8.3.0",
        "typescript": "^5.4.5",
        "wireit": "0.14.9"
      },
      "engines": {
        "node": ">=20.0.0"
      },
      "peerDependencies": {
        "react": ">=18",
        "react-dom": ">=18"
      }
    },
    "../../node_modules/.pnpm/react@19.2.5/node_modules/react": {
      "version": "19.2.5",
      "license": "MIT",
      "engines": {
        "node": ">=0.10.0"
      }
    },
    "../../node_modules/.pnpm/tailwindcss@4.2.2/node_modules/tailwindcss": {
      "version": "4.2.2",
      "dev": true,
      "license": "MIT",
      "devDependencies": {
        "@jridgewell/remapping": "^2.3.5",
        "@tailwindcss/oxide": "^4.2.2",
        "@types/node": "^20.19.0",
        "dedent": "1.7.1",
        "lightningcss": "1.32.0",
        "magic-string": "^0.30.21",
        "source-map-js": "^1.2.1"
      }
    },
    "../../node_modules/.pnpm/typescript@5.7.3/node_modules/typescript": {
      "version": "5.7.3",
      "dev": true,
      "license": "Apache-2.0",
      "bin": {
        "tsc": "bin/tsc",
        "tsserver": "bin/tsserver"
      },
      "devDependencies": {
        "@dprint/formatter": "^0.4.1",
        "@dprint/typescript": "0.93.0",
        "@esfx/canceltoken": "^1.0.0",
        "@eslint/js": "^9.11.1",
        "@octokit/rest": "^21.0.2",
        "@types/chai": "^4.3.20",
        "@types/diff": "^5.2.2",
        "@types/minimist": "^1.2.5",
        "@types/mocha": "^10.0.8",
        "@types/ms": "^0.7.34",
        "@types/node": "latest",
        "@types/source-map-support": "^0.5.10",
        "@types/which": "^3.0.4",
        "@typescript-eslint/rule-tester": "^8.8.0",
        "@typescript-eslint/type-utils": "^8.8.0",
        "@typescript-eslint/utils": "^8.8.0",
        "azure-devops-node-api": "^14.1.0",
        "c8": "^10.1.2",
        "chai": "^4.5.0",
        "chalk": "^4.1.2",
        "chokidar": "^3.6.0",
        "diff": "^5.2.0",
        "dprint": "^0.47.2",
        "esbuild": "^0.24.0",
        "eslint": "^9.11.1",
        "eslint-formatter-autolinkable-stylish": "^1.4.0",
        "eslint-plugin-regexp": "^2.6.0",
        "fast-xml-parser": "^4.5.0",
        "glob": "^10.4.5",
        "globals": "^15.9.0",
        "hereby": "^1.10.0",
        "jsonc-parser": "^3.3.1",
        "knip": "^5.30.6",
        "minimist": "^1.2.8",
        "mocha": "^10.7.3",
        "mocha-fivemat-progress-reporter": "^0.1.0",
        "monocart-coverage-reports": "^2.11.0",
        "ms": "^2.1.3",
        "playwright": "^1.47.2",
        "source-map-support": "^0.5.21",
        "tslib": "^2.7.0",
        "typescript": "^5.6.2",
        "typescript-eslint": "^8.8.0",
        "which": "^3.0.1"
      },
      "engines": {
        "node": ">=14.17"
      }
    },
    "../../node_modules/.pnpm/vite@6.4.2_@types+node@22.1_372d7329afa980ae577df52db00797db/node_modules/vite": {
      "version": "6.4.2",
      "dev": true,
      "license": "MIT",
      "dependencies": {
        "esbuild": "^0.25.0",
        "fdir": "^6.4.4",
        "picomatch": "^4.0.2",
        "postcss": "^8.5.3",
        "rollup": "^4.34.9",
        "tinyglobby": "^0.2.13"
      },
      "bin": {
        "vite": "bin/vite.js"
      },
      "devDependencies": {
        "@ampproject/remapping": "^2.3.0",
        "@babel/parser": "^7.27.0",
        "@jridgewell/trace-mapping": "^0.3.25",
        "@polka/compression": "^1.0.0-next.25",
        "@rollup/plugin-alias": "^5.1.1",
        "@rollup/plugin-commonjs": "^28.0.3",
        "@rollup/plugin-dynamic-import-vars": "2.1.4",
        "@rollup/plugin-json": "^6.1.0",
        "@rollup/plugin-node-resolve": "16.0.1",
        "@rollup/pluginutils": "^5.1.4",
        "@types/escape-html": "^1.0.4",
        "@types/pnpapi": "^0.0.5",
        "artichokie": "^0.3.1",
        "cac": "^6.7.14",
        "chokidar": "^3.6.0",
        "connect": "^3.7.0",
        "convert-source-map": "^2.0.0",
        "cors": "^2.8.5",
        "cross-spawn": "^7.0.6",
        "debug": "^4.4.0",
        "dep-types": "link:./src/types",
        "dotenv": "^16.5.0",
        "dotenv-expand": "^12.0.2",
        "es-module-lexer": "^1.6.0",
        "escape-html": "^1.0.3",
        "estree-walker": "^3.0.3",
        "etag": "^1.8.1",
        "http-proxy": "^1.18.1",
        "launch-editor-middleware": "^2.10.0",
        "lightningcss": "^1.29.3",
        "magic-string": "^0.30.17",
        "mlly": "^1.7.4",
        "mrmime": "^2.0.1",
        "nanoid": "^5.1.5",
        "open": "^10.1.1",
        "parse5": "^7.2.1",
        "pathe": "^2.0.3",
        "periscopic": "^4.0.2",
        "picocolors": "^1.1.1",
        "postcss-import": "^16.1.0",
        "postcss-load-config": "^6.0.1",
        "postcss-modules": "^6.0.1",
        "resolve.exports": "^2.0.3",
        "rollup-plugin-dts": "^6.2.1",
        "rollup-plugin-esbuild": "^6.2.1",
        "rollup-plugin-license": "^3.6.0",
        "sass": "^1.86.3",
        "sass-embedded": "^1.86.3",
        "sirv": "^3.0.2",
        "source-map-support": "^0.5.21",
        "strip-literal": "^3.0.0",
        "terser": "^5.39.0",
        "tsconfck": "^3.1.5",
        "tslib": "^2.8.1",
        "types": "link:./types",
        "ufo": "^1.6.1",
        "ws": "^8.18.1"
      },
      "engines": {
        "node": "^18.0.0 || ^20.0.0 || >=22.0.0"
      },
      "funding": {
        "url": "https://github.com/vitejs/vite?sponsor=1"
      },
      "optionalDependencies": {
        "fsevents": "~2.3.3"
      },
      "peerDependencies": {
        "@types/node": "^18.0.0 || ^20.0.0 || >=22.0.0",
        "jiti": ">=1.21.0",
        "less": "*",
        "lightningcss": "^1.21.0",
        "sass": "*",
        "sass-embedded": "*",
        "stylus": "*",
        "sugarss": "*",
        "terser": "^5.16.0",
        "tsx": "^4.8.1",
        "yaml": "^2.4.2"
      },
      "peerDependenciesMeta": {
        "@types/node": {
          "optional": true
        },
        "jiti": {
          "optional": true
        },
        "less": {
          "optional": true
        },
        "lightningcss": {
          "optional": true
        },
        "sass": {
          "optional": true
        },
        "sass-embedded": {
          "optional": true
        },
        "stylus": {
          "optional": true
        },
        "sugarss": {
          "optional": true
        },
        "terser": {
          "optional": true
        },
        "tsx": {
          "optional": true
        },
        "yaml": {
          "optional": true
        }
      }
    },
    "../../node_modules/.pnpm/zustand@5.0.12_@types+react_6cabdf0c6620ee23f621d16b0d59dc5e/node_modules/zustand": {
      "version": "5.0.12",
      "license": "MIT",
      "engines": {
        "node": ">=12.20.0"
      },
      "peerDependencies": {
        "@types/react": ">=18.0.0",
        "immer": ">=9.0.6",
        "react": ">=18.0.0",
        "use-sync-external-store": ">=1.2.0"
      },
      "peerDependenciesMeta": {
        "@types/react": {
          "optional": true
        },
        "immer": {
          "optional": true
        },
        "react": {
          "optional": true
        },
        "use-sync-external-store": {
          "optional": true
        }
      }
    },
    "node_modules/@tailwindcss/vite": {
      "resolved": "../../node_modules/.pnpm/@tailwindcss+vite@4.2.2_vit_c7efa978757974d127db72eadcebfdfa/node_modules/@tailwindcss/vite",
      "link": true
    },
    "node_modules/@tanstack/react-query": {
      "resolved": "../../node_modules/.pnpm/@tanstack+react-query@5.100.5_react@19.2.5/node_modules/@tanstack/react-query",
      "link": true
    },
    "node_modules/@types/react": {
      "resolved": "../../node_modules/.pnpm/@types+react@19.2.14/node_modules/@types/react",
      "link": true
    },
    "node_modules/@types/react-dom": {
      "resolved": "../../node_modules/.pnpm/@types+react-dom@19.2.3_@types+react@19.2.14/node_modules/@types/react-dom",
      "link": true
    },
    "node_modules/@vitejs/plugin-react": {
      "resolved": "../../node_modules/.pnpm/@vitejs+plugin-react@4.7.0__642d1b54b9ef8eb35aa3ecfbb4934033/node_modules/@vitejs/plugin-react",
      "link": true
    },
    "node_modules/axios": {
      "resolved": "../../node_modules/.pnpm/axios@1.15.2/node_modules/axios",
      "link": true
    },
    "node_modules/chart.js": {
      "resolved": "../../node_modules/.pnpm/chart.js@4.5.1/node_modules/chart.js",
      "link": true
    },
    "node_modules/i18next": {
      "resolved": "../../node_modules/.pnpm/i18next@26.0.5_typescript@5.7.3/node_modules/i18next",
      "link": true
    },
    "node_modules/i18next-browser-languagedetector": {
      "resolved": "../../node_modules/.pnpm/i18next-browser-languagedetector@8.2.1/node_modules/i18next-browser-languagedetector",
      "link": true
    },
    "node_modules/lucide-react": {
      "version": "1.17.0",
      "resolved": "https://registry.npmjs.org/lucide-react/-/lucide-react-1.17.0.tgz",
      "integrity": "sha512-9FA9evdox/JQL5PT57fdA1x/yg8T7knJ98+zjTL3UfKza6pflQUUh3XtaQIHKvnsJw1lmsEyHVlt5jchYxOQ5w==",
      "license": "ISC",
      "peerDependencies": {
        "react": "^16.5.1 || ^17.0.0 || ^18.0.0 || ^19.0.0"
      }
    },
    "node_modules/react": {
      "resolved": "../../node_modules/.pnpm/react@19.2.5/node_modules/react",
      "link": true
    },
    "node_modules/react-chartjs-2": {
      "resolved": "../../node_modules/.pnpm/react-chartjs-2@5.3.1_chart.js@4.5.1_react@19.2.5/node_modules/react-chartjs-2",
      "link": true
    },
    "node_modules/react-dom": {
      "resolved": "../../node_modules/.pnpm/react-dom@19.2.5_react@19.2.5/node_modules/react-dom",
      "link": true
    },
    "node_modules/react-i18next": {
      "resolved": "../../node_modules/.pnpm/react-i18next@17.0.4_i18nex_09eff2de1a9e9a58e65ee8148ef21572/node_modules/react-i18next",
      "link": true
    },
    "node_modules/react-router-dom": {
      "resolved": "../../node_modules/.pnpm/react-router-dom@7.14.2_rea_3a39fd11aef0f6e32580592015a3c0d0/node_modules/react-router-dom",
      "link": true
    },
    "node_modules/tailwindcss": {
      "resolved": "../../node_modules/.pnpm/tailwindcss@4.2.2/node_modules/tailwindcss",
      "link": true
    },
    "node_modules/typescript": {
      "resolved": "../../node_modules/.pnpm/typescript@5.7.3/node_modules/typescript",
      "link": true
    },
    "node_modules/vite": {
      "resolved": "../../node_modules/.pnpm/vite@6.4.2_@types+node@22.1_372d7329afa980ae577df52db00797db/node_modules/vite",
      "link": true
    },
    "node_modules/zustand": {
      "resolved": "../../node_modules/.pnpm/zustand@5.0.12_@types+react_6cabdf0c6620ee23f621d16b0d59dc5e/node_modules/zustand",
      "link": true
    }
  }
}
